# @generated by Move, please check-in and do not edit manually.

[move]
version = 2
manifest_digest = "29393343BAFA2A5C2D548269C7ACF3F03097A2B42237A53CE6AF29DB7FC28763"
deps_digest = "F8BBB0CCB2491CA29A3DF03D6F92277A4F3574266507ACD77214D37ECA3F3082"
dependencies = [
  { name = "Sui" },
]

[[move.package]]
name = "MoveStdlib"
source = { git = "https://github.com/MystenLabs/sui.git", rev = "framework/testnet", subdir = "crates/sui-framework/packages/move-stdlib" }

[[move.package]]
name = "Sui"
source = { git = "https://github.com/MystenLabs/sui.git", rev = "framework/testnet", subdir = "crates/sui-framework/packages/sui-framework" }

dependencies = [
  { name = "MoveStdlib" },
]

[move.toolchain-version]
compiler-version = "1.27.0"
edition = "2024.beta"
flavor = "sui"

[env]

[env.testnet]
chain-id = "4c78adac"
original-published-id = "0xab93183ebc0f2cd7803b5e95b194b9e670c6033407ed410ba54f3c49029bce3f"
latest-published-id = "0xab93183ebc0f2cd7803b5e95b194b9e670c6033407ed410ba54f3c49029bce3f"
published-version = "1"

[env.dev]
chain-id = "ddb98719"
original-published-id = "0xdfc45fa4b6935c8709de8c76a93a05e6cb7e8bc72943d07320f725d9f50f344e"
latest-published-id = "0xdfc45fa4b6935c8709de8c76a93a05e6cb7e8bc72943d07320f725d9f50f344e"
published-version = "1"

[env.mainnet]
chain-id = "35834a8a"
original-published-id = "0x7840bd7b90bdf6f8a5fb0dd6e3a8c7152bc6a13784ea60eb73a072c2f283c352"
latest-published-id = "0x7840bd7b90bdf6f8a5fb0dd6e3a8c7152bc6a13784ea60eb73a072c2f283c352"
published-version = "1"
